
Microsoft Visual Studio Solution File, Format Version 12.00
# Visual Studio Version 17
VisualStudioVersion = 17.7.34009.444
MinimumVisualStudioVersion = 10.0.40219.1
Project("{9A19103F-16F7-4668-BE54-9A1E7A4F7556}") = "CalendarMVP", "CalendarMVP\CalendarMVP.csproj", "{E98D59A2-C3B8-4EC5-A4A5-4771C67F3409}"
EndProject
Project("{9A19103F-16F7-4668-BE54-9A1E7A4F7556}") = "PresenterTest", "PresenterTest\PresenterTest.csproj", "{C82953DB-08DF-42B2-AB85-EAB3D82B994D}"
EndProject
Project("{C7167F0D-BC9F-4E6E-AFE1-012C56B48DB5}") = "WAP", "WAP\WAP.wapproj", "{C733524C-3F38-4F74-BABF-1296C0F50CCF}"
EndProject
Global
	GlobalSection(SolutionConfigurationPlatforms) = preSolution
		Debug|Any CPU = Debug|Any CPU
		Debug|ARM = Debug|ARM
		Debug|ARM64 = Debug|ARM64
		Debug|x64 = Debug|x64
		Debug|x86 = Debug|x86
		Release|Any CPU = Release|Any CPU
		Release|ARM = Release|ARM
		Release|ARM64 = Release|ARM64
		Release|x64 = Release|x64
		Release|x86 = Release|x86
	EndGlobalSection
	GlobalSection(ProjectConfigurationPlatforms) = postSolution
		{E98D59A2-C3B8-4EC5-A4A5-4771C67F3409}.Debug|Any CPU.ActiveCfg = Debug|Any CPU
		{E98D59A2-C3B8-4EC5-A4A5-4771C67F3409}.Debug|Any CPU.Build.0 = Debug|Any CPU
		{E98D59A2-C3B8-4EC5-A4A5-4771C67F3409}.Debug|ARM.ActiveCfg = Debug|Any CPU
		{E98D59A2-C3B8-4EC5-A4A5-4771C67F3409}.Debug|ARM.Build.0 = Debug|Any CPU
		{E98D59A2-C3B8-4EC5-A4A5-4771C67F3409}.Debug|ARM64.ActiveCfg = Debug|Any CPU
		{E98D59A2-C3B8-4EC5-A4A5-4771C67F3409}.Debug|ARM64.Build.0 = Debug|Any CPU
		{E98D59A2-C3B8-4EC5-A4A5-4771C67F3409}.Debug|x64.ActiveCfg = Debug|Any CPU
		{E98D59A2-C3B8-4EC5-A4A5-4771C67F3409}.Debug|x64.Build.0 = Debug|Any CPU
		{E98D59A2-C3B8-4EC5-A4A5-4771C67F3409}.Debug|x86.ActiveCfg = Debug|Any CPU
		{E98D59A2-C3B8-4EC5-A4A5-4771C67F3409}.Debug|x86.Build.0 = Debug|Any CPU
		{E98D59A2-C3B8-4EC5-A4A5-4771C67F3409}.Release|Any CPU.ActiveCfg = Release|Any CPU
		{E98D59A2-C3B8-4EC5-A4A5-4771C67F3409}.Release|Any CPU.Build.0 = Release|Any CPU
		{E98D59A2-C3B8-4EC5-A4A5-4771C67F3409}.Release|ARM.ActiveCfg = Release|Any CPU
		{E98D59A2-C3B8-4EC5-A4A5-4771C67F3409}.Release|ARM.Build.0 = Release|Any CPU
		{E98D59A2-C3B8-4EC5-A4A5-4771C67F3409}.Release|ARM64.ActiveCfg = Release|Any CPU
		{E98D59A2-C3B8-4EC5-A4A5-4771C67F3409}.Release|ARM64.Build.0 = Release|Any CPU
		{E98D59A2-C3B8-4EC5-A4A5-4771C67F3409}.Release|x64.ActiveCfg = Release|x64
		{E98D59A2-C3B8-4EC5-A4A5-4771C67F3409}.Release|x64.Build.0 = Release|x64
		{E98D59A2-C3B8-4EC5-A4A5-4771C67F3409}.Release|x86.ActiveCfg = Release|x86
		{E98D59A2-C3B8-4EC5-A4A5-4771C67F3409}.Release|x86.Build.0 = Release|x86
		{C82953DB-08DF-42B2-AB85-EAB3D82B994D}.Debug|Any CPU.ActiveCfg = Debug|Any CPU
		{C82953DB-08DF-42B2-AB85-EAB3D82B994D}.Debug|Any CPU.Build.0 = Debug|Any CPU
		{C82953DB-08DF-42B2-AB85-EAB3D82B994D}.Debug|ARM.ActiveCfg = Debug|Any CPU
		{C82953DB-08DF-42B2-AB85-EAB3D82B994D}.Debug|ARM.Build.0 = Debug|Any CPU
		{C82953DB-08DF-42B2-AB85-EAB3D82B994D}.Debug|ARM64.ActiveCfg = Debug|Any CPU
		{C82953DB-08DF-42B2-AB85-EAB3D82B994D}.Debug|ARM64.Build.0 = Debug|Any CPU
		{C82953DB-08DF-42B2-AB85-EAB3D82B994D}.Debug|x64.ActiveCfg = Debug|Any CPU
		{C82953DB-08DF-42B2-AB85-EAB3D82B994D}.Debug|x64.Build.0 = Debug|Any CPU
		{C82953DB-08DF-42B2-AB85-EAB3D82B994D}.Debug|x86.ActiveCfg = Debug|Any CPU
		{C82953DB-08DF-42B2-AB85-EAB3D82B994D}.Debug|x86.Build.0 = Debug|Any CPU
		{C82953DB-08DF-42B2-AB85-EAB3D82B994D}.Release|Any CPU.ActiveCfg = Release|Any CPU
		{C82953DB-08DF-42B2-AB85-EAB3D82B994D}.Release|Any CPU.Build.0 = Release|Any CPU
		{C82953DB-08DF-42B2-AB85-EAB3D82B994D}.Release|ARM.ActiveCfg = Release|Any CPU
		{C82953DB-08DF-42B2-AB85-EAB3D82B994D}.Release|ARM.Build.0 = Release|Any CPU
		{C82953DB-08DF-42B2-AB85-EAB3D82B994D}.Release|ARM64.ActiveCfg = Release|Any CPU
		{C82953DB-08DF-42B2-AB85-EAB3D82B994D}.Release|ARM64.Build.0 = Release|Any CPU
		{C82953DB-08DF-42B2-AB85-EAB3D82B994D}.Release|x64.ActiveCfg = Release|x64
		{C82953DB-08DF-42B2-AB85-EAB3D82B994D}.Release|x64.Build.0 = Release|x64
		{C82953DB-08DF-42B2-AB85-EAB3D82B994D}.Release|x86.ActiveCfg = Release|x86
		{C82953DB-08DF-42B2-AB85-EAB3D82B994D}.Release|x86.Build.0 = Release|x86
		{C733524C-3F38-4F74-BABF-1296C0F50CCF}.Debug|Any CPU.ActiveCfg = Debug|Any CPU
		{C733524C-3F38-4F74-BABF-1296C0F50CCF}.Debug|Any CPU.Build.0 = Debug|Any CPU
		{C733524C-3F38-4F74-BABF-1296C0F50CCF}.Debug|Any CPU.Deploy.0 = Debug|Any CPU
		{C733524C-3F38-4F74-BABF-1296C0F50CCF}.Debug|ARM.ActiveCfg = Debug|ARM
		{C733524C-3F38-4F74-BABF-1296C0F50CCF}.Debug|ARM.Build.0 = Debug|ARM
		{C733524C-3F38-4F74-BABF-1296C0F50CCF}.Debug|ARM.Deploy.0 = Debug|ARM
		{C733524C-3F38-4F74-BABF-1296C0F50CCF}.Debug|ARM64.ActiveCfg = Debug|ARM64
		{C733524C-3F38-4F74-BABF-1296C0F50CCF}.Debug|ARM64.Build.0 = Debug|ARM64
		{C733524C-3F38-4F74-BABF-1296C0F50CCF}.Debug|ARM64.Deploy.0 = Debug|ARM64
		{C733524C-3F38-4F74-BABF-1296C0F50CCF}.Debug|x64.ActiveCfg = Debug|x64
		{C733524C-3F38-4F74-BABF-1296C0F50CCF}.Debug|x64.Build.0 = Debug|x64
		{C733524C-3F38-4F74-BABF-1296C0F50CCF}.Debug|x64.Deploy.0 = Debug|x64
		{C733524C-3F38-4F74-BABF-1296C0F50CCF}.Debug|x86.ActiveCfg = Debug|x86
		{C733524C-3F38-4F74-BABF-1296C0F50CCF}.Debug|x86.Build.0 = Debug|x86
		{C733524C-3F38-4F74-BABF-1296C0F50CCF}.Debug|x86.Deploy.0 = Debug|x86
		{C733524C-3F38-4F74-BABF-1296C0F50CCF}.Release|Any CPU.ActiveCfg = Release|Any CPU
		{C733524C-3F38-4F74-BABF-1296C0F50CCF}.Release|Any CPU.Build.0 = Release|Any CPU
		{C733524C-3F38-4F74-BABF-1296C0F50CCF}.Release|Any CPU.Deploy.0 = Release|Any CPU
		{C733524C-3F38-4F74-BABF-1296C0F50CCF}.Release|ARM.ActiveCfg = Release|ARM
		{C733524C-3F38-4F74-BABF-1296C0F50CCF}.Release|ARM.Build.0 = Release|ARM
		{C733524C-3F38-4F74-BABF-1296C0F50CCF}.Release|ARM.Deploy.0 = Release|ARM
		{C733524C-3F38-4F74-BABF-1296C0F50CCF}.Release|ARM64.ActiveCfg = Release|ARM64
		{C733524C-3F38-4F74-BABF-1296C0F50CCF}.Release|ARM64.Build.0 = Release|ARM64
		{C733524C-3F38-4F74-BABF-1296C0F50CCF}.Release|ARM64.Deploy.0 = Release|ARM64
		{C733524C-3F38-4F74-BABF-1296C0F50CCF}.Release|x64.ActiveCfg = Release|x64
		{C733524C-3F38-4F74-BABF-1296C0F50CCF}.Release|x64.Build.0 = Release|x64
		{C733524C-3F38-4F74-BABF-1296C0F50CCF}.Release|x64.Deploy.0 = Release|x64
		{C733524C-3F38-4F74-BABF-1296C0F50CCF}.Release|x86.ActiveCfg = Release|x86
		{C733524C-3F38-4F74-BABF-1296C0F50CCF}.Release|x86.Build.0 = Release|x86
		{C733524C-3F38-4F74-BABF-1296C0F50CCF}.Release|x86.Deploy.0 = Release|x86
	EndGlobalSection
	GlobalSection(SolutionProperties) = preSolution
		HideSolutionNode = FALSE
	EndGlobalSection
	GlobalSection(ExtensibilityGlobals) = postSolution
		SolutionGuid = {E4D8A360-139E-4ABC-A947-F5CB295D3C1D}
	EndGlobalSection
EndGlobal
